
Microsoft Visual Studio Solution File, Format Version 12.00
# Visual Studio Version 17
VisualStudioVersion = 17.14.36623.8
MinimumVisualStudioVersion = 10.0.40219.1
Project("{8BC9CEB8-8B4A-11D0-8D11-00A0C91BC942}") = "HugoLaunchTool", "HugoLaunchTool\HugoLaunchTool.vcxproj", "{2F40801C-8967-424B-B0C5-08EC84CC9BA8}"
	ProjectSection(ProjectDependencies) = postProject
		{351BB40B-1E2F-42B9-9145-D4079E5EFC93} = {351BB40B-1E2F-42B9-9145-D4079E5EFC93}
	EndProjectSection
EndProject
Project("{8BC9CEB8-8B4A-11D0-8D11-00A0C91BC942}") = "HugoLock", "HugoLock\HugoLock.vcxproj", "{E5DD3793-C3F8-4D64-8D1A-247D2C948E31}"
	ProjectSection(ProjectDependencies) = postProject
		{351BB40B-1E2F-42B9-9145-D4079E5EFC93} = {351BB40B-1E2F-42B9-9145-D4079E5EFC93}
	EndProjectSection
EndProject
Project("{8BC9CEB8-8B4A-11D0-8D11-00A0C91BC942}") = "HugoInjector", "HugoInjector\HugoInjector.vcxproj", "{34734C62-3130-47EA-848E-10E9CF8C2580}"
	ProjectSection(ProjectDependencies) = postProject
		{351BB40B-1E2F-42B9-9145-D4079E5EFC93} = {351BB40B-1E2F-42B9-9145-D4079E5EFC93}
	EndProjectSection
EndProject
Project("{8BC9CEB8-8B4A-11D0-8D11-00A0C91BC942}") = "HugoLockAssistant", "HugoLockAssistant\HugoLockAssistant.vcxproj", "{C5E5A14B-5D92-4C47-9526-171436BFE6BC}"
	ProjectSection(ProjectDependencies) = postProject
		{351BB40B-1E2F-42B9-9145-D4079E5EFC93} = {351BB40B-1E2F-42B9-9145-D4079E5EFC93}
	EndProjectSection
EndProject
Project("{8BC9CEB8-8B4A-11D0-8D11-00A0C91BC942}") = "HugoHttp", "HugoHttp\HugoHttp.vcxproj", "{278FA2A2-2362-414A-A14C-7649FC7DACFB}"
	ProjectSection(ProjectDependencies) = postProject
		{351BB40B-1E2F-42B9-9145-D4079E5EFC93} = {351BB40B-1E2F-42B9-9145-D4079E5EFC93}
	EndProjectSection
EndProject
Project("{8BC9CEB8-8B4A-11D0-8D11-00A0C91BC942}") = "HugoProtect", "HugoProtect\HugoProtect.vcxproj", "{3F39F9B3-5755-45A9-9A6D-BBA8AC177F8B}"
	ProjectSection(ProjectDependencies) = postProject
		{351BB40B-1E2F-42B9-9145-D4079E5EFC93} = {351BB40B-1E2F-42B9-9145-D4079E5EFC93}
	EndProjectSection
EndProject
Project("{8BC9CEB8-8B4A-11D0-8D11-00A0C91BC942}") = "HugoUtils", "HugoUtils\HugoUtils.vcxproj", "{351BB40B-1E2F-42B9-9145-D4079E5EFC93}"
EndProject
Project("{8BC9CEB8-8B4A-11D0-8D11-00A0C91BC942}") = "HugoProgs", "HugoProgs\HugoProgs.vcxproj", "{AB0106A3-58B6-4091-969E-74F167C743DD}"
	ProjectSection(ProjectDependencies) = postProject
		{351BB40B-1E2F-42B9-9145-D4079E5EFC93} = {351BB40B-1E2F-42B9-9145-D4079E5EFC93}
	EndProjectSection
EndProject
Global
	GlobalSection(SolutionConfigurationPlatforms) = preSolution
		Debug|x64 = Debug|x64
		Debug|x86 = Debug|x86
		Release|x64 = Release|x64
		Release|x86 = Release|x86
	EndGlobalSection
	GlobalSection(ProjectConfigurationPlatforms) = postSolution
		{2F40801C-8967-424B-B0C5-08EC84CC9BA8}.Debug|x64.ActiveCfg = Debug|x64
		{2F40801C-8967-424B-B0C5-08EC84CC9BA8}.Debug|x64.Build.0 = Debug|x64
		{2F40801C-8967-424B-B0C5-08EC84CC9BA8}.Debug|x86.ActiveCfg = Debug|Win32
		{2F40801C-8967-424B-B0C5-08EC84CC9BA8}.Debug|x86.Build.0 = Debug|Win32
		{2F40801C-8967-424B-B0C5-08EC84CC9BA8}.Release|x64.ActiveCfg = Release|x64
		{2F40801C-8967-424B-B0C5-08EC84CC9BA8}.Release|x64.Build.0 = Release|x64
		{2F40801C-8967-424B-B0C5-08EC84CC9BA8}.Release|x86.ActiveCfg = Release|Win32
		{2F40801C-8967-424B-B0C5-08EC84CC9BA8}.Release|x86.Build.0 = Release|Win32
		{E5DD3793-C3F8-4D64-8D1A-247D2C948E31}.Debug|x64.ActiveCfg = Debug|x64
		{E5DD3793-C3F8-4D64-8D1A-247D2C948E31}.Debug|x64.Build.0 = Debug|x64
		{E5DD3793-C3F8-4D64-8D1A-247D2C948E31}.Debug|x86.ActiveCfg = Debug|Win32
		{E5DD3793-C3F8-4D64-8D1A-247D2C948E31}.Debug|x86.Build.0 = Debug|Win32
		{E5DD3793-C3F8-4D64-8D1A-247D2C948E31}.Release|x64.ActiveCfg = Release|x64
		{E5DD3793-C3F8-4D64-8D1A-247D2C948E31}.Release|x64.Build.0 = Release|x64
		{E5DD3793-C3F8-4D64-8D1A-247D2C948E31}.Release|x86.ActiveCfg = Release|Win32
		{E5DD3793-C3F8-4D64-8D1A-247D2C948E31}.Release|x86.Build.0 = Release|Win32
		{34734C62-3130-47EA-848E-10E9CF8C2580}.Debug|x64.ActiveCfg = Debug|x64
		{34734C62-3130-47EA-848E-10E9CF8C2580}.Debug|x64.Build.0 = Debug|x64
		{34734C62-3130-47EA-848E-10E9CF8C2580}.Debug|x86.ActiveCfg = Debug|Win32
		{34734C62-3130-47EA-848E-10E9CF8C2580}.Debug|x86.Build.0 = Debug|Win32
		{34734C62-3130-47EA-848E-10E9CF8C2580}.Release|x64.ActiveCfg = Release|x64
		{34734C62-3130-47EA-848E-10E9CF8C2580}.Release|x64.Build.0 = Release|x64
		{34734C62-3130-47EA-848E-10E9CF8C2580}.Release|x86.ActiveCfg = Release|Win32
		{34734C62-3130-47EA-848E-10E9CF8C2580}.Release|x86.Build.0 = Release|Win32
		{C5E5A14B-5D92-4C47-9526-171436BFE6BC}.Debug|x64.ActiveCfg = Debug|x64
		{C5E5A14B-5D92-4C47-9526-171436BFE6BC}.Debug|x64.Build.0 = Debug|x64
		{C5E5A14B-5D92-4C47-9526-171436BFE6BC}.Debug|x86.ActiveCfg = Debug|Win32
		{C5E5A14B-5D92-4C47-9526-171436BFE6BC}.Debug|x86.Build.0 = Debug|Win32
		{C5E5A14B-5D92-4C47-9526-171436BFE6BC}.Release|x64.ActiveCfg = Release|x64
		{C5E5A14B-5D92-4C47-9526-171436BFE6BC}.Release|x64.Build.0 = Release|x64
		{C5E5A14B-5D92-4C47-9526-171436BFE6BC}.Release|x86.ActiveCfg = Release|Win32
		{C5E5A14B-5D92-4C47-9526-171436BFE6BC}.Release|x86.Build.0 = Release|Win32
		{278FA2A2-2362-414A-A14C-7649FC7DACFB}.Debug|x64.ActiveCfg = Debug|x64
		{278FA2A2-2362-414A-A14C-7649FC7DACFB}.Debug|x64.Build.0 = Debug|x64
		{278FA2A2-2362-414A-A14C-7649FC7DACFB}.Debug|x86.ActiveCfg = Debug|Win32
		{278FA2A2-2362-414A-A14C-7649FC7DACFB}.Debug|x86.Build.0 = Debug|Win32
		{278FA2A2-2362-414A-A14C-7649FC7DACFB}.Release|x64.ActiveCfg = Release|x64
		{278FA2A2-2362-414A-A14C-7649FC7DACFB}.Release|x64.Build.0 = Release|x64
		{278FA2A2-2362-414A-A14C-7649FC7DACFB}.Release|x86.ActiveCfg = Release|Win32
		{278FA2A2-2362-414A-A14C-7649FC7DACFB}.Release|x86.Build.0 = Release|Win32
		{3F39F9B3-5755-45A9-9A6D-BBA8AC177F8B}.Debug|x64.ActiveCfg = Debug|x64
		{3F39F9B3-5755-45A9-9A6D-BBA8AC177F8B}.Debug|x64.Build.0 = Debug|x64
		{3F39F9B3-5755-45A9-9A6D-BBA8AC177F8B}.Debug|x86.ActiveCfg = Debug|Win32
		{3F39F9B3-5755-45A9-9A6D-BBA8AC177F8B}.Debug|x86.Build.0 = Debug|Win32
		{3F39F9B3-5755-45A9-9A6D-BBA8AC177F8B}.Release|x64.ActiveCfg = Release|x64
		{3F39F9B3-5755-45A9-9A6D-BBA8AC177F8B}.Release|x64.Build.0 = Release|x64
		{3F39F9B3-5755-45A9-9A6D-BBA8AC177F8B}.Release|x86.ActiveCfg = Release|Win32
		{3F39F9B3-5755-45A9-9A6D-BBA8AC177F8B}.Release|x86.Build.0 = Release|Win32
		{351BB40B-1E2F-42B9-9145-D4079E5EFC93}.Debug|x64.ActiveCfg = Debug|x64
		{351BB40B-1E2F-42B9-9145-D4079E5EFC93}.Debug|x64.Build.0 = Debug|x64
		{351BB40B-1E2F-42B9-9145-D4079E5EFC93}.Debug|x86.ActiveCfg = Debug|Win32
		{351BB40B-1E2F-42B9-9145-D4079E5EFC93}.Debug|x86.Build.0 = Debug|Win32
		{351BB40B-1E2F-42B9-9145-D4079E5EFC93}.Release|x64.ActiveCfg = Release|x64
		{351BB40B-1E2F-42B9-9145-D4079E5EFC93}.Release|x64.Build.0 = Release|x64
		{351BB40B-1E2F-42B9-9145-D4079E5EFC93}.Release|x86.ActiveCfg = Release|Win32
		{351BB40B-1E2F-42B9-9145-D4079E5EFC93}.Release|x86.Build.0 = Release|Win32
		{AB0106A3-58B6-4091-969E-74F167C743DD}.Debug|x64.ActiveCfg = Debug|x64
		{AB0106A3-58B6-4091-969E-74F167C743DD}.Debug|x64.Build.0 = Debug|x64
		{AB0106A3-58B6-4091-969E-74F167C743DD}.Debug|x86.ActiveCfg = Debug|Win32
		{AB0106A3-58B6-4091-969E-74F167C743DD}.Debug|x86.Build.0 = Debug|Win32
		{AB0106A3-58B6-4091-969E-74F167C743DD}.Release|x64.ActiveCfg = Release|x64
		{AB0106A3-58B6-4091-969E-74F167C743DD}.Release|x64.Build.0 = Release|x64
		{AB0106A3-58B6-4091-969E-74F167C743DD}.Release|x86.ActiveCfg = Release|Win32
		{AB0106A3-58B6-4091-969E-74F167C743DD}.Release|x86.Build.0 = Release|Win32
	EndGlobalSection
	GlobalSection(SolutionProperties) = preSolution
		HideSolutionNode = FALSE
	EndGlobalSection
	GlobalSection(ExtensibilityGlobals) = postSolution
		SolutionGuid = {0B999AB8-A2F9-4856-9821-A8DEC5C727F5}
	EndGlobalSection
EndGlobal
